
Microsoft Visual Studio Solution File, Format Version 12.00
# Visual Studio Version 17
VisualStudioVersion = 17.11.35312.102
MinimumVisualStudioVersion = 10.0.40219.1
Project("{FAE04EC0-301F-11D3-BF4B-00C04F79EFBC}") = "ControllProjects", "ControllProjects\ControllProjects.csproj", "{B0595277-57D3-4887-89E3-7F1EEAE5C75A}"
EndProject
Global
	GlobalSection(SolutionConfigurationPlatforms) = preSolution
		Debug|Any CPU = Debug|Any CPU
		Release|Any CPU = Release|Any CPU
	EndGlobalSection
	GlobalSection(ProjectConfigurationPlatforms) = postSolution
		{B0595277-57D3-4887-89E3-7F1EEAE5C75A}.Debug|Any CPU.ActiveCfg = Debug|Any CPU
		{B0595277-57D3-4887-89E3-7F1EEAE5C75A}.Debug|Any CPU.Build.0 = Debug|Any CPU
		{B0595277-57D3-4887-89E3-7F1EEAE5C75A}.Release|Any CPU.ActiveCfg = Release|Any CPU
		{B0595277-57D3-4887-89E3-7F1EEAE5C75A}.Release|Any CPU.Build.0 = Release|Any CPU
	EndGlobalSection
	GlobalSection(SolutionProperties) = preSolution
		HideSolutionNode = FALSE
	EndGlobalSection
	GlobalSection(ExtensibilityGlobals) = postSolution
		SolutionGuid = {04D4D056-90A9-4DF7-A9E0-3EF95E826D60}
	EndGlobalSection
EndGlobal
